<?xml version="1.0" encoding="UTF-8" standalone="yes" ?>
<CodeBlocks_project_file>
	<FileVersion major="1" minor="6" />
	<Project>
		<Option title="andblip" />
		<Option pch_mode="2" />
		<Option compiler="gcc" />
		<Build>
			<Target title="Debug">
				<Option output="bin\Debug\andblip" prefix_auto="1" extension_auto="1" />
				<Option object_output="obj\Debug\" />
				<Option type="1" />
				<Option compiler="gcc" />
				<Compiler>
					<Add option="-g" />
				</Compiler>
			</Target>
			<Target title="Release">
				<Option output="bin\Release\andblip" prefix_auto="1" extension_auto="1" />
				<Option object_output="obj\Release\" />
				<Option type="1" />
				<Option compiler="gcc" />
				<Compiler>
					<Add option="-O2" />
				</Compiler>
				<Linker>
					<Add option="-s" />
				</Linker>
			</Target>
		</Build>
		<Compiler>
			<Add option="-Wall" />
			<Add option="-fexceptions" />
		</Compiler>
		<Unit filename="Engine\ddraw.cpp" />
		<Unit filename="Engine\ddraw.h" />
		<Unit filename="Engine\dinput.cpp" />
		<Unit filename="Engine\dinput.h" />
		<Unit filename="Engine\io.cpp" />
		<Unit filename="Engine\io.h" />
		<Unit filename="Engine\windows.cpp" />
		<Unit filename="Engine\windows.h" />
		<Unit filename="STDAFX.H" />
		<Unit filename="alpha_blend.cpp" />
		<Unit filename="alpha_blend.h" />
		<Unit filename="asset.cpp" />
		<Unit filename="asset.h" />
		<Unit filename="ben_debug.cpp" />
		<Unit filename="ben_debug.h" />
		<Unit filename="ben_divers.cpp" />
		<Unit filename="ben_divers.h" />
		<Unit filename="ben_maths.cpp" />
		<Unit filename="ben_maths.h" />
		<Unit filename="blip.cpp" />
		<Unit filename="blip.h" />
		<Unit filename="blip_n_blop_3.cpp" />
		<Unit filename="blop.h" />
		<Unit filename="bonus.h" />
		<Unit filename="bonus_beer.h" />
		<Unit filename="bonus_fusil.h" />
		<Unit filename="bonus_invincible.h" />
		<Unit filename="bonus_laser.h" />
		<Unit filename="bonus_lf.h" />
		<Unit filename="bonus_pm.h" />
		<Unit filename="bonus_tonneau.h" />
		<Unit filename="bonus_vache.h" />
		<Unit filename="box.cpp" />
		<Unit filename="box.h" />
		<Unit filename="bulle.cpp" />
		<Unit filename="bulle.h" />
		<Unit filename="caller.cpp" />
		<Unit filename="caller.h" />
		<Unit filename="cine_player.cpp" />
		<Unit filename="cine_player.h" />
		<Unit filename="config.cpp" />
		<Unit filename="config.h" />
		<Unit filename="control_alias.h" />
		<Unit filename="control_p1.h" />
		<Unit filename="control_p2.h" />
		<Unit filename="controlor.h" />
		<Unit filename="couille.cpp" />
		<Unit filename="couille.h" />
		<Unit filename="dd_gfx.cpp" />
		<Unit filename="dd_gfx.h" />
		<Unit filename="enemy.cpp" />
		<Unit filename="enemy.h" />
		<Unit filename="ennemi_bisou_auto.cpp" />
		<Unit filename="ennemi_bisou_auto.h" />
		<Unit filename="ennemi_bisou_boom.cpp" />
		<Unit filename="ennemi_bisou_boom.h" />
		<Unit filename="ennemi_bisou_chaman.cpp" />
		<Unit filename="ennemi_bisou_chaman.h" />
		<Unit filename="ennemi_bisou_ciel.cpp" />
		<Unit filename="ennemi_bisou_ciel.h" />
		<Unit filename="ennemi_bisou_coeur.cpp" />
		<Unit filename="ennemi_bisou_coeur.h" />
		<Unit filename="ennemi_bisou_etoile.cpp" />
		<Unit filename="ennemi_bisou_etoile.h" />
		<Unit filename="ennemi_bisou_jedi.cpp" />
		<Unit filename="ennemi_bisou_jedi.h" />
		<Unit filename="ennemi_bisou_nuage.cpp" />
		<Unit filename="ennemi_bisou_nuage.h" />
		<Unit filename="ennemi_bisou_sib.cpp" />
		<Unit filename="ennemi_bisou_sib.h" />
		<Unit filename="ennemi_bisou_zombi.cpp" />
		<Unit filename="ennemi_bisou_zombi.h" />
		<Unit filename="ennemi_bulbizarre.cpp" />
		<Unit filename="ennemi_bulbizarre.h" />
		<Unit filename="ennemi_bulbizarre_heros.cpp" />
		<Unit filename="ennemi_bulbizarre_heros.h" />
		<Unit filename="ennemi_com.cpp" />
		<Unit filename="ennemi_com.h" />
		<Unit filename="ennemi_com_heros.cpp" />
		<Unit filename="ennemi_com_heros.h" />
		<Unit filename="ennemi_com_volant.cpp" />
		<Unit filename="ennemi_com_volant.h" />
		<Unit filename="ennemi_diabolo.cpp" />
		<Unit filename="ennemi_diabolo.h" />
		<Unit filename="ennemi_flameche.cpp" />
		<Unit filename="ennemi_flameche.h" />
		<Unit filename="ennemi_flameche_heros.cpp" />
		<Unit filename="ennemi_flameche_heros.h" />
		<Unit filename="ennemi_grand_smurf.cpp" />
		<Unit filename="ennemi_grand_smurf.h" />
		<Unit filename="ennemi_knukles.cpp" />
		<Unit filename="ennemi_knukles.h" />
		<Unit filename="ennemi_lara.cpp" />
		<Unit filename="ennemi_lara.h" />
		<Unit filename="ennemi_lemmings.cpp" />
		<Unit filename="ennemi_lemmings.h" />
		<Unit filename="ennemi_lemmings_volant.h" />
		<Unit filename="ennemi_luigi.cpp" />
		<Unit filename="ennemi_luigi.h" />
		<Unit filename="ennemi_mario.cpp" />
		<Unit filename="ennemi_mario.h" />
		<Unit filename="ennemi_mario_hologramme.cpp" />
		<Unit filename="ennemi_mario_hologramme.h" />
		<Unit filename="ennemi_mariotapette.cpp" />
		<Unit filename="ennemi_mariotapette.h" />
		<Unit filename="ennemi_pacman.cpp" />
		<Unit filename="ennemi_pacman.h" />
		<Unit filename="ennemi_pic.cpp" />
		<Unit filename="ennemi_pic.h" />
		<Unit filename="ennemi_pikachu.cpp" />
		<Unit filename="ennemi_pikachu.h" />
		<Unit filename="ennemi_pikashu_heros.cpp" />
		<Unit filename="ennemi_pikashu_heros.h" />
		<Unit filename="ennemi_poid.cpp" />
		<Unit filename="ennemi_poid.h" />
		<Unit filename="ennemi_princesse.cpp" />
		<Unit filename="ennemi_princesse.h" />
		<Unit filename="ennemi_princesseguard.cpp" />
		<Unit filename="ennemi_princesseguard.h" />
		<Unit filename="ennemi_rayman.cpp" />
		<Unit filename="ennemi_rayman.h" />
		<Unit filename="ennemi_smurf.cpp" />
		<Unit filename="ennemi_smurf.h" />
		<Unit filename="ennemi_smurf_a_lunettes.h" />
		<Unit filename="ennemi_smurf_cigogne.cpp" />
		<Unit filename="ennemi_smurf_cigogne.h" />
		<Unit filename="ennemi_smurf_coquet.h" />
		<Unit filename="ennemi_smurf_costaud.cpp" />
		<Unit filename="ennemi_smurf_costaud.h" />
		<Unit filename="ennemi_smurf_farceur.cpp" />
		<Unit filename="ennemi_smurf_farceur.h" />
		<Unit filename="ennemi_smurf_frileux.h" />
		<Unit filename="ennemi_smurf_gourmand.cpp" />
		<Unit filename="ennemi_smurf_gourmand.h" />
		<Unit filename="ennemi_smurf_paresseux.h" />
		<Unit filename="ennemi_smurf_paysan.cpp" />
		<Unit filename="ennemi_smurf_paysan.h" />
		<Unit filename="ennemi_smurf_peon.h" />
		<Unit filename="ennemi_smurf_sauvage.cpp" />
		<Unit filename="ennemi_smurf_sauvage.h" />
		<Unit filename="ennemi_smurfette.cpp" />
		<Unit filename="ennemi_smurfette.h" />
		<Unit filename="ennemi_snork_base_1.h" />
		<Unit filename="ennemi_snork_in_black.cpp" />
		<Unit filename="ennemi_snork_in_black.h" />
		<Unit filename="ennemi_snork_in_black_boss.cpp" />
		<Unit filename="ennemi_snork_in_black_boss.h" />
		<Unit filename="ennemi_snorky_base_1.h" />
		<Unit filename="ennemi_snorky_base_2.cpp" />
		<Unit filename="ennemi_snorky_base_2.h" />
		<Unit filename="ennemi_snorky_gouverneur.cpp" />
		<Unit filename="ennemi_snorky_gouverneur.h" />
		<Unit filename="ennemi_snorky_hyporider.cpp" />
		<Unit filename="ennemi_snorky_hyporider.h" />
		<Unit filename="ennemi_snorky_mage.cpp" />
		<Unit filename="ennemi_snorky_mage.h" />
		<Unit filename="ennemi_sonic.cpp" />
		<Unit filename="ennemi_sonic.h" />
		<Unit filename="ennemi_sorky_base_1.cpp" />
		<Unit filename="ennemi_tails.cpp" />
		<Unit filename="ennemi_tails.h" />
		<Unit filename="ennemi_tailsvolant.cpp" />
		<Unit filename="ennemi_tailsvolant.h" />
		<Unit filename="ennemi_tete___rayman.h" />
		<Unit filename="ennemi_tete_rayman.cpp" />
		<Unit filename="ennemi_toad.cpp" />
		<Unit filename="ennemi_toad.h" />
		<Unit filename="ennemi_voiture_pacman.cpp" />
		<Unit filename="ennemi_voiture_pacman.h" />
		<Unit filename="ennemi_yoshi.cpp" />
		<Unit filename="ennemi_yoshi.h" />
		<Unit filename="ennemi_yoshi_dca.cpp" />
		<Unit filename="ennemi_yoshi_dca.h" />
		<Unit filename="event.h" />
		<Unit filename="event_bonus.cpp" />
		<Unit filename="event_bonus.h" />
		<Unit filename="event_ennemi.cpp" />
		<Unit filename="event_ennemi.h" />
		<Unit filename="event_fond_anime.cpp" />
		<Unit filename="event_fond_anime.h" />
		<Unit filename="event_gen_bonus.h" />
		<Unit filename="event_gen_ennemi.cpp" />
		<Unit filename="event_gen_ennemi.h" />
		<Unit filename="event_hold_fire.h" />
		<Unit filename="event_lock.cpp" />
		<Unit filename="event_lock.h" />
		<Unit filename="event_meteo.h" />
		<Unit filename="event_mi_fond.cpp" />
		<Unit filename="event_mi_fond.h" />
		<Unit filename="event_music.cpp" />
		<Unit filename="event_music.h" />
		<Unit filename="event_premier_plan.cpp" />
		<Unit filename="event_premier_plan.h" />
		<Unit filename="event_rpg.h" />
		<Unit filename="event_scroll_speed.h" />
		<Unit filename="event_set_flag.h" />
		<Unit filename="event_son.h" />
		<Unit filename="event_texte.h" />
		<Unit filename="event_vehicule.cpp" />
		<Unit filename="event_vehicule.h" />
		<Unit filename="explosion.cpp" />
		<Unit filename="explosion.h" />
		<Unit filename="fic_events.h" />
		<Unit filename="fmod.h" />
		<Unit filename="fmod\fmod.h" />
		<Unit filename="fmod\fmod.hpp" />
		<Unit filename="fmod\fmod_codec.h" />
		<Unit filename="fmod\fmod_dsp.h" />
		<Unit filename="fmod\fmod_errors.h" />
		<Unit filename="fmod\fmod_memoryinfo.h" />
		<Unit filename="fmod\fmod_output.h" />
		<Unit filename="fmod__errors.h" />
		<Unit filename="fond_assembleur.cpp" />
		<Unit filename="fond_assembleur.h" />
		<Unit filename="fond_battle_cruiser.cpp" />
		<Unit filename="fond_battle_cruiser.h" />
		<Unit filename="fond_bombe.cpp" />
		<Unit filename="fond_bombe.h" />
		<Unit filename="fond_bossventilo.cpp" />
		<Unit filename="fond_bossventilo.h" />
		<Unit filename="fond_cube.cpp" />
		<Unit filename="fond_cube.h" />
		<Unit filename="fond_dos.h" />
		<Unit filename="fond_drapeau.h" />
		<Unit filename="fond_eau.h" />
		<Unit filename="fond_ecrancamera.cpp" />
		<Unit filename="fond_ecrancamera.h" />
		<Unit filename="fond_ecraneige.h" />
		<Unit filename="fond_electronics.cpp" />
		<Unit filename="fond_electronics.h" />
		<Unit filename="fond_etoile.cpp" />
		<Unit filename="fond_etoile.h" />
		<Unit filename="fond_lampe_2.cpp" />
		<Unit filename="fond_lampe_2.h" />
		<Unit filename="fond_lcd.cpp" />
		<Unit filename="fond_lcd.h" />
		<Unit filename="fond_lumiere.cpp" />
		<Unit filename="fond_lumiere.h" />
		<Unit filename="fond_monolite.cpp" />
		<Unit filename="fond_monolite.h" />
		<Unit filename="fond_piece.cpp" />
		<Unit filename="fond_piece.h" />
		<Unit filename="fond_poissons.cpp" />
		<Unit filename="fond_poissons.h" />
		<Unit filename="fond_poke_alarme_1.h" />
		<Unit filename="fond_poke_ascenceur.cpp" />
		<Unit filename="fond_poke_ascenceur.h" />
		<Unit filename="fond_poke_ascenseur_2.cpp" />
		<Unit filename="fond_poke_ascenseur_2.h" />
		<Unit filename="fond_poke_caisse.cpp" />
		<Unit filename="fond_poke_caisse.h" />
		<Unit filename="fond_poke_caisse_plateforme.cpp" />
		<Unit filename="fond_poke_caisse_plateforme.h" />
		<Unit filename="fond_poke_caisse_plateforme_2.cpp" />
		<Unit filename="fond_poke_caisse_plateforme_2.h" />
		<Unit filename="fond_poke_caisse_tombante.cpp" />
		<Unit filename="fond_poke_caisse_tombante.h" />
		<Unit filename="fond_poke_ciel.cpp" />
		<Unit filename="fond_poke_ciel.h" />
		<Unit filename="fond_poke_fleche.h" />
		<Unit filename="fond_poke_interupteur.cpp" />
		<Unit filename="fond_poke_interupteur.h" />
		<Unit filename="fond_poke_level_2.cpp" />
		<Unit filename="fond_poke_level_2.h" />
		<Unit filename="fond_poke_level_3.cpp" />
		<Unit filename="fond_poke_level_3.h" />
		<Unit filename="fond_ring.cpp" />
		<Unit filename="fond_ring.h" />
		<Unit filename="fond_rocher_1.cpp" />
		<Unit filename="fond_rocher_1.h" />
		<Unit filename="fond_rocher_2.cpp" />
		<Unit filename="fond_rocher_2.h" />
		<Unit filename="fond_rocher_hyperspace.cpp" />
		<Unit filename="fond_rocher_hyperspace.h" />
		<Unit filename="fond_snork_sas.cpp" />
		<Unit filename="fond_snork_sas.h" />
		<Unit filename="fond_statique.h" />
		<Unit filename="fond_test.h" />
		<Unit filename="fond_tir_cruiser.h" />
		<Unit filename="fond_tircruiser.cpp" />
		<Unit filename="fond_tournesol_1.h" />
		<Unit filename="fond_tournesol_2.h" />
		<Unit filename="fond_tournesol_3.h" />
		<Unit filename="fond_tournesol_4.h" />
		<Unit filename="fond_ventilo.h" />
		<Unit filename="fond_windows.h" />
		<Unit filename="fond_worldmap.cpp" />
		<Unit filename="fond_worldmap.h" />
		<Unit filename="fonte.cpp" />
		<Unit filename="fonte.h" />
		<Unit filename="game.cpp" />
		<Unit filename="game.h" />
		<Unit filename="gen_bonus.cpp" />
		<Unit filename="gen_bonus.h" />
		<Unit filename="gen_ennemi.cpp" />
		<Unit filename="gen_ennemi.h" />
		<Unit filename="gen_ennemi_tmp.cpp" />
		<Unit filename="gen_ennemi_tmp.h" />
		<Unit filename="giclure.cpp" />
		<Unit filename="giclure.h" />
		<Unit filename="globals.cpp" />
		<Unit filename="globals.h" />
		<Unit filename="gore_bisou_auto.h" />
		<Unit filename="gore_bisou_boom.h" />
		<Unit filename="gore_giclure.cpp" />
		<Unit filename="gore_giclure.h" />
		<Unit filename="gore_pied_bisou_zombi.h" />
		<Unit filename="gore_pieds_bisou_ciel.h" />
		<Unit filename="gore_pieds_bisou_etoile.h" />
		<Unit filename="gore_tete_bisou_coeur.h" />
		<Unit filename="graphics.cpp" />
		<Unit filename="graphics.h" />
		<Unit filename="hi_scores.cpp" />
		<Unit filename="hi_scores.h" />
		<Unit filename="impactlaser.h" />
		<Unit filename="input.cpp" />
		<Unit filename="input.h" />
		<Unit filename="joueur.h" />
		<Unit filename="key_translator.cpp" />
		<Unit filename="key_translator.h" />
		<Unit filename="l_timer.cpp" />
		<Unit filename="l_timer.h" />
		<Unit filename="lgx_packer.cpp" />
		<Unit filename="lgx_packer.h" />
		<Unit filename="log.cpp" />
		<Unit filename="log.h" />
		<Unit filename="main.cpp" />
		<Unit filename="make_bonus.cpp" />
		<Unit filename="make_bonus.h" />
		<Unit filename="menu_game.cpp" />
		<Unit filename="menu_game.h" />
		<Unit filename="menu_main.cpp" />
		<Unit filename="menu_main.h" />
		<Unit filename="meteo_neige.cpp" />
		<Unit filename="meteo_neige.h" />
		<Unit filename="meteo_pluie.cpp" />
		<Unit filename="meteo_pluie.h" />
		<Unit filename="moceaux_tete_snorky.cpp" />
		<Unit filename="morceau_rayman.cpp" />
		<Unit filename="morceau_rayman.h" />
		<Unit filename="morceau_sonic_ring.cpp" />
		<Unit filename="morceau_sonic_ring.h" />
		<Unit filename="morceau_tete_rayman.cpp" />
		<Unit filename="morceau_tete_rayman.h" />
		<Unit filename="morceaux_tete_snorky.h" />
		<Unit filename="music_bank.cpp" />
		<Unit filename="music_bank.h" />
		<Unit filename="p_plan_test.h" />
		<Unit filename="personnage.cpp" />
		<Unit filename="personnage.h" />
		<Unit filename="picture.cpp" />
		<Unit filename="picture.h" />
		<Unit filename="picture_bank.cpp" />
		<Unit filename="picture_bank.h" />
		<Unit filename="precache.h" />
		<Unit filename="restore.cpp" />
		<Unit filename="restore.h" />
		<Unit filename="rpg_player.cpp" />
		<Unit filename="rpg_player.h" />
		<Unit filename="scroll.cpp" />
		<Unit filename="scroll.h" />
		<Unit filename="sdl_pixelformat.h" />
		<Unit filename="sdl_surface.h" />
		<Unit filename="sdl_surfaceinfo.h" />
		<Unit filename="sdl_texture.h" />
		<Unit filename="sound.cpp" />
		<Unit filename="sound.h" />
		<Unit filename="sound_bank.cpp" />
		<Unit filename="sound_bank.h" />
		<Unit filename="sound_bank_bb.cpp" />
		<Unit filename="sound_bank_bb.h" />
		<Unit filename="sprite.cpp" />
		<Unit filename="sprite.h" />
		<Unit filename="super_liste.cpp" />
		<Unit filename="super_liste.h" />
		<Unit filename="texte_cool.cpp" />
		<Unit filename="texte_cool.h" />
		<Unit filename="tir.h" />
		<Unit filename="tir_arc_ciel.h" />
		<Unit filename="tir_bb.cpp" />
		<Unit filename="tir_bb.h" />
		<Unit filename="tir_bb_fusil.cpp" />
		<Unit filename="tir_bb_fusil.h" />
		<Unit filename="tir_bb_laser.cpp" />
		<Unit filename="tir_bb_laser.h" />
		<Unit filename="tir_bb_vache.cpp" />
		<Unit filename="tir_bb_vache.h" />
		<Unit filename="tir_bblf.cpp" />
		<Unit filename="tir_bblf.h" />
		<Unit filename="tir_bbm16.cpp" />
		<Unit filename="tir_bbm16.h" />
		<Unit filename="tir_bbpm.cpp" />
		<Unit filename="tir_bbpm.h" />
		<Unit filename="tir_bisou_mortel.h" />
		<Unit filename="tir_boule_chaman.cpp" />
		<Unit filename="tir_boule_chaman.h" />
		<Unit filename="tir_cadeau.cpp" />
		<Unit filename="tir_cadeau.h" />
		<Unit filename="tir_carapace.cpp" />
		<Unit filename="tir_carapace.h" />
		<Unit filename="tir_coeur_bisou.cpp" />
		<Unit filename="tir_coeur_bisou.h" />
		<Unit filename="tir_colonne_chaman.cpp" />
		<Unit filename="tir_colonne_chaman.h" />
		<Unit filename="tir_cruiser_laser.cpp" />
		<Unit filename="tir_cruiser_laser.h" />
		<Unit filename="tir_debouche_chiote.cpp" />
		<Unit filename="tir_debouche_chiote.h" />
		<Unit filename="tir_epee_laser.cpp" />
		<Unit filename="tir_epee_laser.h" />
		<Unit filename="tir_epine.cpp" />
		<Unit filename="tir_epine.h" />
		<Unit filename="tir_etoile.h" />
		<Unit filename="tir_gateau.cpp" />
		<Unit filename="tir_gateau.h" />
		<Unit filename="tir_hadoken.h" />
		<Unit filename="tir_mario_fireball.cpp" />
		<Unit filename="tir_mario_fireball.h" />
		<Unit filename="tir_mario_fireball_vertical.cpp" />
		<Unit filename="tir_mario_fireball_vertical.h" />
		<Unit filename="tir_nuage.cpp" />
		<Unit filename="tir_nuage.h" />
		<Unit filename="tir_rayman_poing.cpp" />
		<Unit filename="tir_rayman_poing.h" />
		<Unit filename="tir_smurf_sauvage.cpp" />
		<Unit filename="tir_smurf_sauvage.h" />
		<Unit filename="tir_snorky_base.cpp" />
		<Unit filename="tir_snorky_base_2.cpp" />
		<Unit filename="tir_snorky_base_2.h" />
		<Unit filename="tir_snorky_gouverneur.cpp" />
		<Unit filename="tir_snorky_gouverneur.h" />
		<Unit filename="tir_snorky_mage.cpp" />
		<Unit filename="tir_snorky_mage.h" />
		<Unit filename="tir_snorkybase.h" />
		<Unit filename="tir_sonic_eclair.cpp" />
		<Unit filename="tir_sonic_eclair.h" />
		<Unit filename="tir_tornade.cpp" />
		<Unit filename="tir_tornade.h" />
		<Unit filename="trace.h" />
		<Unit filename="txt_data.cpp" />
		<Unit filename="txt_data.h" />
		<Unit filename="vehicule.cpp" />
		<Unit filename="vehicule.h" />
		<Unit filename="vehicule_cigogne.cpp" />
		<Unit filename="vehicule_hypo.cpp" />
		<Unit filename="vehicule_hypo.h" />
		<Unit filename="vehicule_test_tourelle.h" />
		<Unit filename="vehivule_cigogne.h" />
		<Extensions>
			<code_completion />
			<debugger />
		</Extensions>
	</Project>
</CodeBlocks_project_file>
